
Microsoft Visual Studio Solution File, Format Version 10.00
# Visual Studio 2008
Project("{8BC9CEB8-8B4A-11D0-8D11-00A0C91BC942}") = "clock", "clock\clock.vcproj", "{F9535443-11E7-4C8D-93E4-76A59A63F999}"
EndProject
Project("{54435603-DBB4-11D2-8724-00A0C9A8B90C}") = "时钟精灵Setup", "时钟精灵Setup\时钟精灵Setup.vdproj", "{C4EA3C63-50A2-4BFD-8CC8-DE9169CEC9E0}"
EndProject
Global
	GlobalSection(SolutionConfigurationPlatforms) = preSolution
		Debug|Win32 = Debug|Win32
		Release|Win32 = Release|Win32
	EndGlobalSection
	GlobalSection(ProjectConfigurationPlatforms) = postSolution
		{F9535443-11E7-4C8D-93E4-76A59A63F999}.Debug|Win32.ActiveCfg = Debug|Win32
		{F9535443-11E7-4C8D-93E4-76A59A63F999}.Debug|Win32.Build.0 = Debug|Win32
		{F9535443-11E7-4C8D-93E4-76A59A63F999}.Release|Win32.ActiveCfg = Release|Win32
		{F9535443-11E7-4C8D-93E4-76A59A63F999}.Release|Win32.Build.0 = Release|Win32
		{C4EA3C63-50A2-4BFD-8CC8-DE9169CEC9E0}.Debug|Win32.ActiveCfg = Debug
		{C4EA3C63-50A2-4BFD-8CC8-DE9169CEC9E0}.Release|Win32.ActiveCfg = Release
	EndGlobalSection
	GlobalSection(SolutionProperties) = preSolution
		HideSolutionNode = FALSE
	EndGlobalSection
EndGlobal
